
Microsoft Visual Studio Solution File, Format Version 12.00
# Visual Studio Version 16
VisualStudioVersion = 16.0.29409.12
MinimumVisualStudioVersion = 10.0.40219.1
Project("{FAE04EC0-301F-11D3-BF4B-00C04F79EFBC}") = "Selenium.CefSharp.Driver", "Selenium.CefSharp.Driver\Selenium.CefSharp.Driver.csproj", "{D4E61820-4BCE-4CEE-8DAE-924C9F8CC9F0}"
EndProject
Project("{FAE04EC0-301F-11D3-BF4B-00C04F79EFBC}") = "Selenium.CefSharp.Driver.InTarget", "Selenium.CefSharp.Driver.InTarget\Selenium.CefSharp.Driver.InTarget.csproj", "{3DD479EF-1A1C-49FF-83F7-76FFAA14DB1B}"
EndProject
Project("{FAE04EC0-301F-11D3-BF4B-00C04F79EFBC}") = "Test", "Test\Test.csproj", "{ED3FF6AE-91E8-4CDB-B6D6-44DF0A2CC712}"
EndProject
Global
	GlobalSection(SolutionConfigurationPlatforms) = preSolution
		Debug|Any CPU = Debug|Any CPU
		Release|Any CPU = Release|Any CPU
	EndGlobalSection
	GlobalSection(ProjectConfigurationPlatforms) = postSolution
		{D4E61820-4BCE-4CEE-8DAE-924C9F8CC9F0}.Debug|Any CPU.ActiveCfg = Debug|Any CPU
		{D4E61820-4BCE-4CEE-8DAE-924C9F8CC9F0}.Debug|Any CPU.Build.0 = Debug|Any CPU
		{D4E61820-4BCE-4CEE-8DAE-924C9F8CC9F0}.Release|Any CPU.ActiveCfg = Release|Any CPU
		{D4E61820-4BCE-4CEE-8DAE-924C9F8CC9F0}.Release|Any CPU.Build.0 = Release|Any CPU
		{3DD479EF-1A1C-49FF-83F7-76FFAA14DB1B}.Debug|Any CPU.ActiveCfg = Debug|Any CPU
		{3DD479EF-1A1C-49FF-83F7-76FFAA14DB1B}.Debug|Any CPU.Build.0 = Debug|Any CPU
		{3DD479EF-1A1C-49FF-83F7-76FFAA14DB1B}.Release|Any CPU.ActiveCfg = Release|Any CPU
		{3DD479EF-1A1C-49FF-83F7-76FFAA14DB1B}.Release|Any CPU.Build.0 = Release|Any CPU
		{ED3FF6AE-91E8-4CDB-B6D6-44DF0A2CC712}.Debug|Any CPU.ActiveCfg = Debug|Any CPU
		{ED3FF6AE-91E8-4CDB-B6D6-44DF0A2CC712}.Debug|Any CPU.Build.0 = Debug|Any CPU
		{ED3FF6AE-91E8-4CDB-B6D6-44DF0A2CC712}.Release|Any CPU.ActiveCfg = Release|Any CPU
		{ED3FF6AE-91E8-4CDB-B6D6-44DF0A2CC712}.Release|Any CPU.Build.0 = Release|Any CPU
	EndGlobalSection
	GlobalSection(SolutionProperties) = preSolution
		HideSolutionNode = FALSE
	EndGlobalSection
	GlobalSection(ExtensibilityGlobals) = postSolution
		SolutionGuid = {3B104A57-B87D-40CF-947D-A424E77215F6}
	EndGlobalSection
EndGlobal
