
Microsoft Visual Studio Solution File, Format Version 12.00
# Visual Studio Version 16
VisualStudioVersion = 16.0.29409.12
MinimumVisualStudioVersion = 10.0.40219.1
Project("{FAE04EC0-301F-11D3-BF4B-00C04F79EFBC}") = "CefSharpWPFSample", "CefSharpWPFSample.csproj", "{BED1FFC3-888F-48F2-8D83-B8106D0989CC}"
EndProject
Global
	GlobalSection(SolutionConfigurationPlatforms) = preSolution
		Debug|Any CPU = Debug|Any CPU
		Release|Any CPU = Release|Any CPU
	EndGlobalSection
	GlobalSection(ProjectConfigurationPlatforms) = postSolution
		{BED1FFC3-888F-48F2-8D83-B8106D0989CC}.Debug|Any CPU.ActiveCfg = Debug|Any CPU
		{BED1FFC3-888F-48F2-8D83-B8106D0989CC}.Debug|Any CPU.Build.0 = Debug|Any CPU
		{BED1FFC3-888F-48F2-8D83-B8106D0989CC}.Release|Any CPU.ActiveCfg = Release|Any CPU
		{BED1FFC3-888F-48F2-8D83-B8106D0989CC}.Release|Any CPU.Build.0 = Release|Any CPU
	EndGlobalSection
	GlobalSection(SolutionProperties) = preSolution
		HideSolutionNode = FALSE
	EndGlobalSection
	GlobalSection(ExtensibilityGlobals) = postSolution
		SolutionGuid = {02246617-4BEE-4391-882C-E461C29A36EF}
	EndGlobalSection
EndGlobal
